
Microsoft Visual Studio Solution File, Format Version 12.00
# Visual Studio Version 17
VisualStudioVersion = 17.8.34511.84
MinimumVisualStudioVersion = 10.0.40219.1
Project("{9A19103F-16F7-4668-BE54-9A1E7A4F7556}") = "OfficeGamesLeague", "OfficeGamesLeague\OfficeGamesLeague.csproj", "{A338117D-C528-483C-9D6A-1DF4FD462541}"
EndProject
Project("{E53339B2-1760-4266-BCC7-CA923CBCF16C}") = "docker-compose", "docker-compose.dcproj", "{2AE0A72E-3000-4861-8347-E86CE6E48758}"
EndProject
Global
	GlobalSection(SolutionConfigurationPlatforms) = preSolution
		Debug|Any CPU = Debug|Any CPU
		Release|Any CPU = Release|Any CPU
	EndGlobalSection
	GlobalSection(ProjectConfigurationPlatforms) = postSolution
		{A338117D-C528-483C-9D6A-1DF4FD462541}.Debug|Any CPU.ActiveCfg = Debug|Any CPU
		{A338117D-C528-483C-9D6A-1DF4FD462541}.Debug|Any CPU.Build.0 = Debug|Any CPU
		{A338117D-C528-483C-9D6A-1DF4FD462541}.Release|Any CPU.ActiveCfg = Release|Any CPU
		{A338117D-C528-483C-9D6A-1DF4FD462541}.Release|Any CPU.Build.0 = Release|Any CPU
		{2AE0A72E-3000-4861-8347-E86CE6E48758}.Debug|Any CPU.ActiveCfg = Debug|Any CPU
		{2AE0A72E-3000-4861-8347-E86CE6E48758}.Debug|Any CPU.Build.0 = Debug|Any CPU
		{2AE0A72E-3000-4861-8347-E86CE6E48758}.Release|Any CPU.ActiveCfg = Release|Any CPU
		{2AE0A72E-3000-4861-8347-E86CE6E48758}.Release|Any CPU.Build.0 = Release|Any CPU
	EndGlobalSection
	GlobalSection(SolutionProperties) = preSolution
		HideSolutionNode = FALSE
	EndGlobalSection
	GlobalSection(ExtensibilityGlobals) = postSolution
		SolutionGuid = {D5A44580-48A2-4EF3-B7AE-7A4740E7671B}
	EndGlobalSection
EndGlobal
